// !$*UTF8*$!
{
	archiveVersion = 1;
	classes = {
	};
	objectVersion = 46;
	objects = {

/* Begin PBXBuildFile section */
		697F99A58644A677FFA223F7 /* libPods-OCDemo.a in Frameworks */ = {isa = PBXBuildFile; fileRef = 4C135714F3727A97783DF0DE /* libPods-OCDemo.a */; };
		702BDD5E1A2E103200DE37FD /* RootViewController.m in Sources */ = {isa = PBXBuildFile; fileRef = 702BDD5D1A2E103200DE37FD /* RootViewController.m */; };
		702C50EE1A2ED5D40022C7D8 /* RACViewController.m in Sources */ = {isa = PBXBuildFile; fileRef = 702C50ED1A2ED5D40022C7D8 /* RACViewController.m */; };
		70AB10711A89EBE00053E179 /* TestViewController.m in Sources */ = {isa = PBXBuildFile; fileRef = 70AB106F1A89EBE00053E179 /* TestViewController.m */; };
		70AB10721A89EBE00053E179 /* TestViewController.xib in Resources */ = {isa = PBXBuildFile; fileRef = 70AB10701A89EBE00053E179 /* TestViewController.xib */; };
		70B7F8411A2DEB5500051901 /* Foundation.framework in Frameworks */ = {isa = PBXBuildFile; fileRef = 70B7F8401A2DEB5500051901 /* Foundation.framework */; };
		70B7F8431A2DEB5500051901 /* CoreGraphics.framework in Frameworks */ = {isa = PBXBuildFile; fileRef = 70B7F8421A2DEB5500051901 /* CoreGraphics.framework */; };
		70B7F8451A2DEB5500051901 /* UIKit.framework in Frameworks */ = {isa = PBXBuildFile; fileRef = 70B7F8441A2DEB5500051901 /* UIKit.framework */; };
		70B7F84B1A2DEB5500051901 /* InfoPlist.strings in Resources */ = {isa = PBXBuildFile; fileRef = 70B7F8491A2DEB5500051901 /* InfoPlist.strings */; };
		70B7F84D1A2DEB5500051901 /* main.m in Sources */ = {isa = PBXBuildFile; fileRef = 70B7F84C1A2DEB5500051901 /* main.m */; };
		70B7F8511A2DEB5500051901 /* AppDelegate.m in Sources */ = {isa = PBXBuildFile; fileRef = 70B7F8501A2DEB5500051901 /* AppDelegate.m */; };
		70B7F8541A2DEB5500051901 /* Main.storyboard in Resources */ = {isa = PBXBuildFile; fileRef = 70B7F8521A2DEB5500051901 /* Main.storyboard */; };
		70B7F8591A2DEB5500051901 /* Images.xcassets in Resources */ = {isa = PBXBuildFile; fileRef = 70B7F8581A2DEB5500051901 /* Images.xcassets */; };
		70B7F8601A2DEB5500051901 /* XCTest.framework in Frameworks */ = {isa = PBXBuildFile; fileRef = 70B7F85F1A2DEB5500051901 /* XCTest.framework */; };
		70B7F8611A2DEB5500051901 /* Foundation.framework in Frameworks */ = {isa = PBXBuildFile; fileRef = 70B7F8401A2DEB5500051901 /* Foundation.framework */; };
		70B7F8621A2DEB5500051901 /* UIKit.framework in Frameworks */ = {isa = PBXBuildFile; fileRef = 70B7F8441A2DEB5500051901 /* UIKit.framework */; };
		70B7F86A1A2DEB5500051901 /* InfoPlist.strings in Resources */ = {isa = PBXBuildFile; fileRef = 70B7F8681A2DEB5500051901 /* InfoPlist.strings */; };
		70B7F86C1A2DEB5500051901 /* OCDemoTests.m in Sources */ = {isa = PBXBuildFile; fileRef = 70B7F86B1A2DEB5500051901 /* OCDemoTests.m */; };
		70B7F8781A2E09C700051901 /* PopViewController.m in Sources */ = {isa = PBXBuildFile; fileRef = 70B7F8771A2E09C700051901 /* PopViewController.m */; };
/* End PBXBuildFile section */

/* Begin PBXContainerItemProxy section */
		70B7F8631A2DEB5500051901 /* PBXContainerItemProxy */ = {
			isa = PBXContainerItemProxy;
			containerPortal = 70B7F8351A2DEB5500051901 /* Project object */;
			proxyType = 1;
			remoteGlobalIDString = 70B7F83C1A2DEB5500051901;
			remoteInfo = OCDemo;
		};
/* End PBXContainerItemProxy section */

/* Begin PBXFileReference section */
		4C135714F3727A97783DF0DE /* libPods-OCDemo.a */ = {isa = PBXFileReference; explicitFileType = archive.ar; includeInIndex = 0; path = "libPods-OCDemo.a"; sourceTree = BUILT_PRODUCTS_DIR; };
		702BDD5C1A2E103200DE37FD /* RootViewController.h */ = {isa = PBXFileReference; fileEncoding = 4; lastKnownFileType = sourcecode.c.h; path = RootViewController.h; sourceTree = "<group>"; };
		702BDD5D1A2E103200DE37FD /* RootViewController.m */ = {isa = PBXFileReference; fileEncoding = 4; lastKnownFileType = sourcecode.c.objc; path = RootViewController.m; sourceTree = "<group>"; };
		702C50EC1A2ED5D40022C7D8 /* RACViewController.h */ = {isa = PBXFileReference; fileEncoding = 4; lastKnownFileType = sourcecode.c.h; path = RACViewController.h; sourceTree = "<group>"; };
		702C50ED1A2ED5D40022C7D8 /* RACViewController.m */ = {isa = PBXFileReference; fileEncoding = 4; lastKnownFileType = sourcecode.c.objc; path = RACViewController.m; sourceTree = "<group>"; };
		702E59971A4122A3007869A3 /* zh-Hans */ = {isa = PBXFileReference; lastKnownFileType = text.plist.strings; name = "zh-Hans"; path = "zh-Hans.lproj/Main.strings"; sourceTree = "<group>"; };
		702E59981A4122A3007869A3 /* zh-Hans */ = {isa = PBXFileReference; lastKnownFileType = text.plist.strings; name = "zh-Hans"; path = "zh-Hans.lproj/InfoPlist.strings"; sourceTree = "<group>"; };
		702E59991A4122A3007869A3 /* zh-Hans */ = {isa = PBXFileReference; lastKnownFileType = text.plist.strings; name = "zh-Hans"; path = "zh-Hans.lproj/InfoPlist.strings"; sourceTree = "<group>"; };
		70AB106E1A89EBE00053E179 /* TestViewController.h */ = {isa = PBXFileReference; fileEncoding = 4; lastKnownFileType = sourcecode.c.h; path = TestViewController.h; sourceTree = "<group>"; };
		70AB106F1A89EBE00053E179 /* TestViewController.m */ = {isa = PBXFileReference; fileEncoding = 4; lastKnownFileType = sourcecode.c.objc; path = TestViewController.m; sourceTree = "<group>"; };
		70AB10701A89EBE00053E179 /* TestViewController.xib */ = {isa = PBXFileReference; fileEncoding = 4; lastKnownFileType = file.xib; path = TestViewController.xib; sourceTree = "<group>"; };
		70B7F83D1A2DEB5500051901 /* OCDemo.app */ = {isa = PBXFileReference; explicitFileType = wrapper.application; includeInIndex = 0; path = OCDemo.app; sourceTree = BUILT_PRODUCTS_DIR; };
		70B7F8401A2DEB5500051901 /* Foundation.framework */ = {isa = PBXFileReference; lastKnownFileType = wrapper.framework; name = Foundation.framework; path = System/Library/Frameworks/Foundation.framework; sourceTree = SDKROOT; };
		70B7F8421A2DEB5500051901 /* CoreGraphics.framework */ = {isa = PBXFileReference; lastKnownFileType = wrapper.framework; name = CoreGraphics.framework; path = System/Library/Frameworks/CoreGraphics.framework; sourceTree = SDKROOT; };
		70B7F8441A2DEB5500051901 /* UIKit.framework */ = {isa = PBXFileReference; lastKnownFileType = wrapper.framework; name = UIKit.framework; path = System/Library/Frameworks/UIKit.framework; sourceTree = SDKROOT; };
		70B7F8481A2DEB5500051901 /* OCDemo-Info.plist */ = {isa = PBXFileReference; lastKnownFileType = text.plist.xml; path = "OCDemo-Info.plist"; sourceTree = "<group>"; };
		70B7F84A1A2DEB5500051901 /* en */ = {isa = PBXFileReference; lastKnownFileType = text.plist.strings; name = en; path = en.lproj/InfoPlist.strings; sourceTree = "<group>"; };
		70B7F84C1A2DEB5500051901 /* main.m */ = {isa = PBXFileReference; lastKnownFileType = sourcecode.c.objc; path = main.m; sourceTree = "<group>"; };
		70B7F84E1A2DEB5500051901 /* OCDemo-Prefix.pch */ = {isa = PBXFileReference; lastKnownFileType = sourcecode.c.h; path = "OCDemo-Prefix.pch"; sourceTree = "<group>"; };
		70B7F84F1A2DEB5500051901 /* AppDelegate.h */ = {isa = PBXFileReference; lastKnownFileType = sourcecode.c.h; path = AppDelegate.h; sourceTree = "<group>"; };
		70B7F8501A2DEB5500051901 /* AppDelegate.m */ = {isa = PBXFileReference; lastKnownFileType = sourcecode.c.objc; path = AppDelegate.m; sourceTree = "<group>"; };
		70B7F8531A2DEB5500051901 /* Base */ = {isa = PBXFileReference; lastKnownFileType = file.storyboard; name = Base; path = Base.lproj/Main.storyboard; sourceTree = "<group>"; };
		70B7F8581A2DEB5500051901 /* Images.xcassets */ = {isa = PBXFileReference; lastKnownFileType = folder.assetcatalog; path = Images.xcassets; sourceTree = "<group>"; };
		70B7F85E1A2DEB5500051901 /* OCDemoTests.xctest */ = {isa = PBXFileReference; explicitFileType = wrapper.cfbundle; includeInIndex = 0; path = OCDemoTests.xctest; sourceTree = BUILT_PRODUCTS_DIR; };
		70B7F85F1A2DEB5500051901 /* XCTest.framework */ = {isa = PBXFileReference; lastKnownFileType = wrapper.framework; name = XCTest.framework; path = Library/Frameworks/XCTest.framework; sourceTree = DEVELOPER_DIR; };
		70B7F8671A2DEB5500051901 /* OCDemoTests-Info.plist */ = {isa = PBXFileReference; lastKnownFileType = text.plist.xml; path = "OCDemoTests-Info.plist"; sourceTree = "<group>"; };
		70B7F8691A2DEB5500051901 /* en */ = {isa = PBXFileReference; lastKnownFileType = text.plist.strings; name = en; path = en.lproj/InfoPlist.strings; sourceTree = "<group>"; };
		70B7F86B1A2DEB5500051901 /* OCDemoTests.m */ = {isa = PBXFileReference; lastKnownFileType = sourcecode.c.objc; path = OCDemoTests.m; sourceTree = "<group>"; };
		70B7F8761A2E09C700051901 /* PopViewController.h */ = {isa = PBXFileReference; fileEncoding = 4; lastKnownFileType = sourcecode.c.h; path = PopViewController.h; sourceTree = "<group>"; };
		70B7F8771A2E09C700051901 /* PopViewController.m */ = {isa = PBXFileReference; fileEncoding = 4; lastKnownFileType = sourcecode.c.objc; path = PopViewController.m; sourceTree = "<group>"; };
		912693565877710CFA1F8600 /* libPods-CLIDemo.a */ = {isa = PBXFileReference; explicitFileType = archive.ar; includeInIndex = 0; path = "libPods-CLIDemo.a"; sourceTree = BUILT_PRODUCTS_DIR; };
		ADF09EB4E986DAF2EBD9F6F7 /* Pods-OCDemo.debug.xcconfig */ = {isa = PBXFileReference; includeInIndex = 1; lastKnownFileType = text.xcconfig; name = "Pods-OCDemo.debug.xcconfig"; path = "Pods/Target Support Files/Pods-OCDemo/Pods-OCDemo.debug.xcconfig"; sourceTree = "<group>"; };
		EBD42FFE91A421423E0C1273 /* Pods-OCDemo.release.xcconfig */ = {isa = PBXFileReference; includeInIndex = 1; lastKnownFileType = text.xcconfig; name = "Pods-OCDemo.release.xcconfig"; path = "Pods/Target Support Files/Pods-OCDemo/Pods-OCDemo.release.xcconfig"; sourceTree = "<group>"; };
/* End PBXFileReference section */

/* Begin PBXFrameworksBuildPhase section */
		70B7F83A1A2DEB5500051901 /* Frameworks */ = {
			isa = PBXFrameworksBuildPhase;
			buildActionMask = 2147483647;
			files = (
				70B7F8431A2DEB5500051901 /* CoreGraphics.framework in Frameworks */,
				70B7F8451A2DEB5500051901 /* UIKit.framework in Frameworks */,
				70B7F8411A2DEB5500051901 /* Foundation.framework in Frameworks */,
				697F99A58644A677FFA223F7 /* libPods-OCDemo.a in Frameworks */,
			);
			runOnlyForDeploymentPostprocessing = 0;
		};
		70B7F85B1A2DEB5500051901 /* Frameworks */ = {
			isa = PBXFrameworksBuildPhase;
			buildActionMask = 2147483647;
			files = (
				70B7F8601A2DEB5500051901 /* XCTest.framework in Frameworks */,
				70B7F8621A2DEB5500051901 /* UIKit.framework in Frameworks */,
				70B7F8611A2DEB5500051901 /* Foundation.framework in Frameworks */,
			);
			runOnlyForDeploymentPostprocessing = 0;
		};
/* End PBXFrameworksBuildPhase section */

/* Begin PBXGroup section */
		702C50EB1A2ED5BA0022C7D8 /* RACDemo */ = {
			isa = PBXGroup;
			children = (
				702C50EC1A2ED5D40022C7D8 /* RACViewController.h */,
				702C50ED1A2ED5D40022C7D8 /* RACViewController.m */,
			);
			path = RACDemo;
			sourceTree = "<group>";
		};
		70B7F8341A2DEB5500051901 = {
			isa = PBXGroup;
			children = (
				70B7F8461A2DEB5500051901 /* OCDemo */,
				70B7F8651A2DEB5500051901 /* OCDemoTests */,
				70B7F83F1A2DEB5500051901 /* Frameworks */,
				70B7F83E1A2DEB5500051901 /* Products */,
				CD17EC7EADE570133C005FCC /* Pods */,
			);
			sourceTree = "<group>";
		};
		70B7F83E1A2DEB5500051901 /* Products */ = {
			isa = PBXGroup;
			children = (
				70B7F83D1A2DEB5500051901 /* OCDemo.app */,
				70B7F85E1A2DEB5500051901 /* OCDemoTests.xctest */,
			);
			name = Products;
			sourceTree = "<group>";
		};
		70B7F83F1A2DEB5500051901 /* Frameworks */ = {
			isa = PBXGroup;
			children = (
				70B7F8401A2DEB5500051901 /* Foundation.framework */,
				70B7F8421A2DEB5500051901 /* CoreGraphics.framework */,
				70B7F8441A2DEB5500051901 /* UIKit.framework */,
				70B7F85F1A2DEB5500051901 /* XCTest.framework */,
				4C135714F3727A97783DF0DE /* libPods-OCDemo.a */,
				912693565877710CFA1F8600 /* libPods-CLIDemo.a */,
			);
			name = Frameworks;
			sourceTree = "<group>";
		};
		70B7F8461A2DEB5500051901 /* OCDemo */ = {
			isa = PBXGroup;
			children = (
				70B7F84F1A2DEB5500051901 /* AppDelegate.h */,
				70B7F8501A2DEB5500051901 /* AppDelegate.m */,
				702BDD5C1A2E103200DE37FD /* RootViewController.h */,
				702BDD5D1A2E103200DE37FD /* RootViewController.m */,
				70B7F8521A2DEB5500051901 /* Main.storyboard */,
				70AB106E1A89EBE00053E179 /* TestViewController.h */,
				70AB106F1A89EBE00053E179 /* TestViewController.m */,
				70AB10701A89EBE00053E179 /* TestViewController.xib */,
				702C50EB1A2ED5BA0022C7D8 /* RACDemo */,
				70B7F8751A2E09B300051901 /* POPDemo */,
				70B7F8581A2DEB5500051901 /* Images.xcassets */,
				70B7F8471A2DEB5500051901 /* Supporting Files */,
			);
			path = OCDemo;
			sourceTree = "<group>";
		};
		70B7F8471A2DEB5500051901 /* Supporting Files */ = {
			isa = PBXGroup;
			children = (
				70B7F8481A2DEB5500051901 /* OCDemo-Info.plist */,
				70B7F8491A2DEB5500051901 /* InfoPlist.strings */,
				70B7F84C1A2DEB5500051901 /* main.m */,
				70B7F84E1A2DEB5500051901 /* OCDemo-Prefix.pch */,
			);
			name = "Supporting Files";
			sourceTree = "<group>";
		};
		70B7F8651A2DEB5500051901 /* OCDemoTests */ = {
			isa = PBXGroup;
			children = (
				70B7F86B1A2DEB5500051901 /* OCDemoTests.m */,
				70B7F8661A2DEB5500051901 /* Supporting Files */,
			);
			path = OCDemoTests;
			sourceTree = "<group>";
		};
		70B7F8661A2DEB5500051901 /* Supporting Files */ = {
			isa = PBXGroup;
			children = (
				70B7F8671A2DEB5500051901 /* OCDemoTests-Info.plist */,
				70B7F8681A2DEB5500051901 /* InfoPlist.strings */,
			);
			name = "Supporting Files";
			sourceTree = "<group>";
		};
		70B7F8751A2E09B300051901 /* POPDemo */ = {
			isa = PBXGroup;
			children = (
				70B7F8761A2E09C700051901 /* PopViewController.h */,
				70B7F8771A2E09C700051901 /* PopViewController.m */,
			);
			path = POPDemo;
			sourceTree = "<group>";
		};
		CD17EC7EADE570133C005FCC /* Pods */ = {
			isa = PBXGroup;
			children = (
				ADF09EB4E986DAF2EBD9F6F7 /* Pods-OCDemo.debug.xcconfig */,
				EBD42FFE91A421423E0C1273 /* Pods-OCDemo.release.xcconfig */,
			);
			name = Pods;
			sourceTree = "<group>";
		};
/* End PBXGroup section */

/* Begin PBXNativeTarget section */
		70B7F83C1A2DEB5500051901 /* OCDemo */ = {
			isa = PBXNativeTarget;
			buildConfigurationList = 70B7F86F1A2DEB5500051901 /* Build configuration list for PBXNativeTarget "OCDemo" */;
			buildPhases = (
				2879690622ED325F6422A3F4 /* Check Pods Manifest.lock */,
				70B7F8391A2DEB5500051901 /* Sources */,
				70B7F83A1A2DEB5500051901 /* Frameworks */,
				70B7F83B1A2DEB5500051901 /* Resources */,
				C4D7378EFCA9E8BA33075BCE /* Copy Pods Resources */,
			);
			buildRules = (
			);
			dependencies = (
			);
			name = OCDemo;
			productName = OCDemo;
			productReference = 70B7F83D1A2DEB5500051901 /* OCDemo.app */;
			productType = "com.apple.product-type.application";
		};
		70B7F85D1A2DEB5500051901 /* OCDemoTests */ = {
			isa = PBXNativeTarget;
			buildConfigurationList = 70B7F8721A2DEB5500051901 /* Build configuration list for PBXNativeTarget "OCDemoTests" */;
			buildPhases = (
				70B7F85A1A2DEB5500051901 /* Sources */,
				70B7F85B1A2DEB5500051901 /* Frameworks */,
				70B7F85C1A2DEB5500051901 /* Resources */,
			);
			buildRules = (
			);
			dependencies = (
				70B7F8641A2DEB5500051901 /* PBXTargetDependency */,
			);
			name = OCDemoTests;
			productName = OCDemoTests;
			productReference = 70B7F85E1A2DEB5500051901 /* OCDemoTests.xctest */;
			productType = "com.apple.product-type.bundle.unit-test";
		};
/* End PBXNativeTarget section */

/* Begin PBXProject section */
		70B7F8351A2DEB5500051901 /* Project object */ = {
			isa = PBXProject;
			attributes = {
				LastUpgradeCheck = 0510;
				ORGANIZATIONNAME = "信通惠德";
				TargetAttributes = {
					70B7F85D1A2DEB5500051901 = {
						TestTargetID = 70B7F83C1A2DEB5500051901;
					};
				};
			};
			buildConfigurationList = 70B7F8381A2DEB5500051901 /* Build configuration list for PBXProject "OCDemo" */;
			compatibilityVersion = "Xcode 3.2";
			developmentRegion = English;
			hasScannedForEncodings = 0;
			knownRegions = (
				en,
				Base,
				"zh-Hans",
			);
			mainGroup = 70B7F8341A2DEB5500051901;
			productRefGroup = 70B7F83E1A2DEB5500051901 /* Products */;
			projectDirPath = "";
			projectRoot = "";
			targets = (
				70B7F83C1A2DEB5500051901 /* OCDemo */,
				70B7F85D1A2DEB5500051901 /* OCDemoTests */,
			);
		};
/* End PBXProject section */

/* Begin PBXResourcesBuildPhase section */
		70B7F83B1A2DEB5500051901 /* Resources */ = {
			isa = PBXResourcesBuildPhase;
			buildActionMask = 2147483647;
			files = (
				70B7F8591A2DEB5500051901 /* Images.xcassets in Resources */,
				70B7F84B1A2DEB5500051901 /* InfoPlist.strings in Resources */,
				70AB10721A89EBE00053E179 /* TestViewController.xib in Resources */,
				70B7F8541A2DEB5500051901 /* Main.storyboard in Resources */,
			);
			runOnlyForDeploymentPostprocessing = 0;
		};
		70B7F85C1A2DEB5500051901 /* Resources */ = {
			isa = PBXResourcesBuildPhase;
			buildActionMask = 2147483647;
			files = (
				70B7F86A1A2DEB5500051901 /* InfoPlist.strings in Resources */,
			);
			runOnlyForDeploymentPostprocessing = 0;
		};
/* End PBXResourcesBuildPhase section */

/* Begin PBXShellScriptBuildPhase section */
		2879690622ED325F6422A3F4 /* Check Pods Manifest.lock */ = {
			isa = PBXShellScriptBuildPhase;
			buildActionMask = 2147483647;
			files = (
			);
			inputPaths = (
			);
			name = "Check Pods Manifest.lock";
			outputPaths = (
			);
			runOnlyForDeploymentPostprocessing = 0;
			shellPath = /bin/sh;
			shellScript = "diff \"${PODS_ROOT}/../Podfile.lock\" \"${PODS_ROOT}/Manifest.lock\" > /dev/null\nif [[ $? != 0 ]] ; then\n    cat << EOM\nerror: The sandbox is not in sync with the Podfile.lock. Run 'pod install' or update your CocoaPods installation.\nEOM\n    exit 1\nfi\n";
			showEnvVarsInLog = 0;
		};
		C4D7378EFCA9E8BA33075BCE /* Copy Pods Resources */ = {
			isa = PBXShellScriptBuildPhase;
			buildActionMask = 2147483647;
			files = (
			);
			inputPaths = (
			);
			name = "Copy Pods Resources";
			outputPaths = (
			);
			runOnlyForDeploymentPostprocessing = 0;
			shellPath = /bin/sh;
			shellScript = "\"${SRCROOT}/Pods/Target Support Files/Pods-OCDemo/Pods-OCDemo-resources.sh\"\n";
			showEnvVarsInLog = 0;
		};
/* End PBXShellScriptBuildPhase section */

/* Begin PBXSourcesBuildPhase section */
		70B7F8391A2DEB5500051901 /* Sources */ = {
			isa = PBXSourcesBuildPhase;
			buildActionMask = 2147483647;
			files = (
				70AB10711A89EBE00053E179 /* TestViewController.m in Sources */,
				70B7F8781A2E09C700051901 /* PopViewController.m in Sources */,
				70B7F8511A2DEB5500051901 /* AppDelegate.m in Sources */,
				702C50EE1A2ED5D40022C7D8 /* RACViewController.m in Sources */,
				702BDD5E1A2E103200DE37FD /* RootViewController.m in Sources */,
				70B7F84D1A2DEB5500051901 /* main.m in Sources */,
			);
			runOnlyForDeploymentPostprocessing = 0;
		};
		70B7F85A1A2DEB5500051901 /* Sources */ = {
			isa = PBXSourcesBuildPhase;
			buildActionMask = 2147483647;
			files = (
				70B7F86C1A2DEB5500051901 /* OCDemoTests.m in Sources */,
			);
			runOnlyForDeploymentPostprocessing = 0;
		};
/* End PBXSourcesBuildPhase section */

/* Begin PBXTargetDependency section */
		70B7F8641A2DEB5500051901 /* PBXTargetDependency */ = {
			isa = PBXTargetDependency;
			target = 70B7F83C1A2DEB5500051901 /* OCDemo */;
			targetProxy = 70B7F8631A2DEB5500051901 /* PBXContainerItemProxy */;
		};
/* End PBXTargetDependency section */

/* Begin PBXVariantGroup section */
		70B7F8491A2DEB5500051901 /* InfoPlist.strings */ = {
			isa = PBXVariantGroup;
			children = (
				70B7F84A1A2DEB5500051901 /* en */,
				702E59981A4122A3007869A3 /* zh-Hans */,
			);
			name = InfoPlist.strings;
			sourceTree = "<group>";
		};
		70B7F8521A2DEB5500051901 /* Main.storyboard */ = {
			isa = PBXVariantGroup;
			children = (
				70B7F8531A2DEB5500051901 /* Base */,
				702E59971A4122A3007869A3 /* zh-Hans */,
			);
			name = Main.storyboard;
			sourceTree = "<group>";
		};
		70B7F8681A2DEB5500051901 /* InfoPlist.strings */ = {
			isa = PBXVariantGroup;
			children = (
				70B7F8691A2DEB5500051901 /* en */,
				702E59991A4122A3007869A3 /* zh-Hans */,
			);
			name = InfoPlist.strings;
			sourceTree = "<group>";
		};
/* End PBXVariantGroup section */

/* Begin XCBuildConfiguration section */
		70B7F86D1A2DEB5500051901 /* Debug */ = {
			isa = XCBuildConfiguration;
			buildSettings = {
				ALWAYS_SEARCH_USER_PATHS = NO;
				CLANG_CXX_LANGUAGE_STANDARD = "gnu++0x";
				CLANG_CXX_LIBRARY = "libc++";
				CLANG_ENABLE_MODULES = YES;
				CLANG_ENABLE_OBJC_ARC = YES;
				CLANG_WARN_BOOL_CONVERSION = YES;
				CLANG_WARN_CONSTANT_CONVERSION = YES;
				CLANG_WARN_DIRECT_OBJC_ISA_USAGE = YES_ERROR;
				CLANG_WARN_EMPTY_BODY = YES;
				CLANG_WARN_ENUM_CONVERSION = YES;
				CLANG_WARN_INT_CONVERSION = YES;
				CLANG_WARN_OBJC_ROOT_CLASS = YES_ERROR;
				CLANG_WARN__DUPLICATE_METHOD_MATCH = YES;
				"CODE_SIGN_IDENTITY[sdk=iphoneos*]" = "iPhone Developer";
				COPY_PHASE_STRIP = NO;
				GCC_C_LANGUAGE_STANDARD = gnu99;
				GCC_DYNAMIC_NO_PIC = NO;
				GCC_OPTIMIZATION_LEVEL = 0;
				GCC_PREPROCESSOR_DEFINITIONS = (
					"DEBUG=1",
					"$(inherited)",
				);
				GCC_SYMBOLS_PRIVATE_EXTERN = NO;
				GCC_WARN_64_TO_32_BIT_CONVERSION = YES;
				GCC_WARN_ABOUT_RETURN_TYPE = YES_ERROR;
				GCC_WARN_UNDECLARED_SELECTOR = YES;
				GCC_WARN_UNINITIALIZED_AUTOS = YES_AGGRESSIVE;
				GCC_WARN_UNUSED_FUNCTION = YES;
				GCC_WARN_UNUSED_VARIABLE = YES;
				IPHONEOS_DEPLOYMENT_TARGET = 7.1;
				ONLY_ACTIVE_ARCH = YES;
				SDKROOT = iphoneos;
			};
			name = Debug;
		};
		70B7F86E1A2DEB5500051901 /* Release */ = {
			isa = XCBuildConfiguration;
			buildSettings = {
				ALWAYS_SEARCH_USER_PATHS = NO;
				CLANG_CXX_LANGUAGE_STANDARD = "gnu++0x";
				CLANG_CXX_LIBRARY = "libc++";
				CLANG_ENABLE_MODULES = YES;
				CLANG_ENABLE_OBJC_ARC = YES;
				CLANG_WARN_BOOL_CONVERSION = YES;
				CLANG_WARN_CONSTANT_CONVERSION = YES;
				CLANG_WARN_DIRECT_OBJC_ISA_USAGE = YES_ERROR;
				CLANG_WARN_EMPTY_BODY = YES;
				CLANG_WARN_ENUM_CONVERSION = YES;
				CLANG_WARN_INT_CONVERSION = YES;
				CLANG_WARN_OBJC_ROOT_CLASS = YES_ERROR;
				CLANG_WARN__DUPLICATE_METHOD_MATCH = YES;
				"CODE_SIGN_IDENTITY[sdk=iphoneos*]" = "iPhone Developer";
				COPY_PHASE_STRIP = YES;
				ENABLE_NS_ASSERTIONS = NO;
				GCC_C_LANGUAGE_STANDARD = gnu99;
				GCC_WARN_64_TO_32_BIT_CONVERSION = YES;
				GCC_WARN_ABOUT_RETURN_TYPE = YES_ERROR;
				GCC_WARN_UNDECLARED_SELECTOR = YES;
				GCC_WARN_UNINITIALIZED_AUTOS = YES_AGGRESSIVE;
				GCC_WARN_UNUSED_FUNCTION = YES;
				GCC_WARN_UNUSED_VARIABLE = YES;
				IPHONEOS_DEPLOYMENT_TARGET = 7.1;
				SDKROOT = iphoneos;
				VALIDATE_PRODUCT = YES;
			};
			name = Release;
		};
		70B7F8701A2DEB5500051901 /* Debug */ = {
			isa = XCBuildConfiguration;
			baseConfigurationReference = ADF09EB4E986DAF2EBD9F6F7 /* Pods-OCDemo.debug.xcconfig */;
			buildSettings = {
				ASSETCATALOG_COMPILER_APPICON_NAME = AppIcon;
				ASSETCATALOG_COMPILER_LAUNCHIMAGE_NAME = LaunchImage;
				GCC_PRECOMPILE_PREFIX_HEADER = YES;
				GCC_PREFIX_HEADER = "OCDemo/OCDemo-Prefix.pch";
				INFOPLIST_FILE = "OCDemo/OCDemo-Info.plist";
				PRODUCT_NAME = "$(TARGET_NAME)";
				WRAPPER_EXTENSION = app;
			};
			name = Debug;
		};
		70B7F8711A2DEB5500051901 /* Release */ = {
			isa = XCBuildConfiguration;
			baseConfigurationReference = EBD42FFE91A421423E0C1273 /* Pods-OCDemo.release.xcconfig */;
			buildSettings = {
				ASSETCATALOG_COMPILER_APPICON_NAME = AppIcon;
				ASSETCATALOG_COMPILER_LAUNCHIMAGE_NAME = LaunchImage;
				GCC_PRECOMPILE_PREFIX_HEADER = YES;
				GCC_PREFIX_HEADER = "OCDemo/OCDemo-Prefix.pch";
				INFOPLIST_FILE = "OCDemo/OCDemo-Info.plist";
				PRODUCT_NAME = "$(TARGET_NAME)";
				WRAPPER_EXTENSION = app;
			};
			name = Release;
		};
		70B7F8731A2DEB5500051901 /* Debug */ = {
			isa = XCBuildConfiguration;
			buildSettings = {
				BUNDLE_LOADER = "$(BUILT_PRODUCTS_DIR)/OCDemo.app/OCDemo";
				FRAMEWORK_SEARCH_PATHS = (
					"$(SDKROOT)/Developer/Library/Frameworks",
					"$(inherited)",
					"$(DEVELOPER_FRAMEWORKS_DIR)",
				);
				GCC_PRECOMPILE_PREFIX_HEADER = YES;
				GCC_PREFIX_HEADER = "OCDemo/OCDemo-Prefix.pch";
				GCC_PREPROCESSOR_DEFINITIONS = (
					"DEBUG=1",
					"$(inherited)",
				);
				INFOPLIST_FILE = "OCDemoTests/OCDemoTests-Info.plist";
				PRODUCT_NAME = "$(TARGET_NAME)";
				TEST_HOST = "$(BUNDLE_LOADER)";
				WRAPPER_EXTENSION = xctest;
			};
			name = Debug;
		};
		70B7F8741A2DEB5500051901 /* Release */ = {
			isa = XCBuildConfiguration;
			buildSettings = {
				BUNDLE_LOADER = "$(BUILT_PRODUCTS_DIR)/OCDemo.app/OCDemo";
				FRAMEWORK_SEARCH_PATHS = (
					"$(SDKROOT)/Developer/Library/Frameworks",
					"$(inherited)",
					"$(DEVELOPER_FRAMEWORKS_DIR)",
				);
				GCC_PRECOMPILE_PREFIX_HEADER = YES;
				GCC_PREFIX_HEADER = "OCDemo/OCDemo-Prefix.pch";
				INFOPLIST_FILE = "OCDemoTests/OCDemoTests-Info.plist";
				PRODUCT_NAME = "$(TARGET_NAME)";
				TEST_HOST = "$(BUNDLE_LOADER)";
				WRAPPER_EXTENSION = xctest;
			};
			name = Release;
		};
/* End XCBuildConfiguration section */

/* Begin XCConfigurationList section */
		70B7F8381A2DEB5500051901 /* Build configuration list for PBXProject "OCDemo" */ = {
			isa = XCConfigurationList;
			buildConfigurations = (
				70B7F86D1A2DEB5500051901 /* Debug */,
				70B7F86E1A2DEB5500051901 /* Release */,
			);
			defaultConfigurationIsVisible = 0;
			defaultConfigurationName = Release;
		};
		70B7F86F1A2DEB5500051901 /* Build configuration list for PBXNativeTarget "OCDemo" */ = {
			isa = XCConfigurationList;
			buildConfigurations = (
				70B7F8701A2DEB5500051901 /* Debug */,
				70B7F8711A2DEB5500051901 /* Release */,
			);
			defaultConfigurationIsVisible = 0;
			defaultConfigurationName = Release;
		};
		70B7F8721A2DEB5500051901 /* Build configuration list for PBXNativeTarget "OCDemoTests" */ = {
			isa = XCConfigurationList;
			buildConfigurations = (
				70B7F8731A2DEB5500051901 /* Debug */,
				70B7F8741A2DEB5500051901 /* Release */,
			);
			defaultConfigurationIsVisible = 0;
			defaultConfigurationName = Release;
		};
/* End XCConfigurationList section */
	};
	rootObject = 70B7F8351A2DEB5500051901 /* Project object */;
}
