<?xml version="1.0" encoding="UTF-8"?>
<!DOCTYPE plist PUBLIC "-//Apple//DTD PLIST 1.0//EN" "http://www.apple.com/DTDs/PropertyList-1.0.dtd">
<plist version="1.0">
<dict>
	<key>archiveVersion</key>
	<string>1</string>
	<key>classes</key>
	<dict/>
	<key>objectVersion</key>
	<string>46</string>
	<key>objects</key>
	<dict>
		<key>2879690622ED325F6422A3F4</key>
		<dict>
			<key>buildActionMask</key>
			<string>2147483647</string>
			<key>files</key>
			<array/>
			<key>inputPaths</key>
			<array/>
			<key>isa</key>
			<string>PBXShellScriptBuildPhase</string>
			<key>name</key>
			<string>Check Pods Manifest.lock</string>
			<key>outputPaths</key>
			<array/>
			<key>runOnlyForDeploymentPostprocessing</key>
			<string>0</string>
			<key>shellPath</key>
			<string>/bin/sh</string>
			<key>shellScript</key>
			<string>diff "${PODS_ROOT}/../Podfile.lock" "${PODS_ROOT}/Manifest.lock" &gt; /dev/null
if [[ $? != 0 ]] ; then
    cat &lt;&lt; EOM
error: The sandbox is not in sync with the Podfile.lock. Run 'pod install' or update your CocoaPods installation.
EOM
    exit 1
fi
</string>
			<key>showEnvVarsInLog</key>
			<string>0</string>
		</dict>
		<key>4C135714F3727A97783DF0DE</key>
		<dict>
			<key>explicitFileType</key>
			<string>archive.ar</string>
			<key>includeInIndex</key>
			<string>0</string>
			<key>isa</key>
			<string>PBXFileReference</string>
			<key>path</key>
			<string>libPods-OCDemo.a</string>
			<key>sourceTree</key>
			<string>BUILT_PRODUCTS_DIR</string>
		</dict>
		<key>697F99A58644A677FFA223F7</key>
		<dict>
			<key>fileRef</key>
			<string>4C135714F3727A97783DF0DE</string>
			<key>isa</key>
			<string>PBXBuildFile</string>
		</dict>
		<key>70B7F8341A2DEB5500051901</key>
		<dict>
			<key>children</key>
			<array>
				<string>70B7F8461A2DEB5500051901</string>
				<string>70B7F8651A2DEB5500051901</string>
				<string>70B7F83F1A2DEB5500051901</string>
				<string>70B7F83E1A2DEB5500051901</string>
				<string>CD17EC7EADE570133C005FCC</string>
			</array>
			<key>isa</key>
			<string>PBXGroup</string>
			<key>sourceTree</key>
			<string>&lt;group&gt;</string>
		</dict>
		<key>70B7F8351A2DEB5500051901</key>
		<dict>
			<key>attributes</key>
			<dict>
				<key>LastUpgradeCheck</key>
				<string>0510</string>
				<key>ORGANIZATIONNAME</key>
				<string>&#20449;&#36890;&#24800;&#24503;</string>
				<key>TargetAttributes</key>
				<dict>
					<key>70B7F85D1A2DEB5500051901</key>
					<dict>
						<key>TestTargetID</key>
						<string>70B7F83C1A2DEB5500051901</string>
					</dict>
				</dict>
			</dict>
			<key>buildConfigurationList</key>
			<string>70B7F8381A2DEB5500051901</string>
			<key>compatibilityVersion</key>
			<string>Xcode 3.2</string>
			<key>developmentRegion</key>
			<string>English</string>
			<key>hasScannedForEncodings</key>
			<string>0</string>
			<key>isa</key>
			<string>PBXProject</string>
			<key>knownRegions</key>
			<array>
				<string>en</string>
				<string>Base</string>
			</array>
			<key>mainGroup</key>
			<string>70B7F8341A2DEB5500051901</string>
			<key>productRefGroup</key>
			<string>70B7F83E1A2DEB5500051901</string>
			<key>projectDirPath</key>
			<string></string>
			<key>projectReferences</key>
			<array/>
			<key>projectRoot</key>
			<string></string>
			<key>targets</key>
			<array>
				<string>70B7F83C1A2DEB5500051901</string>
				<string>70B7F85D1A2DEB5500051901</string>
			</array>
		</dict>
		<key>70B7F8381A2DEB5500051901</key>
		<dict>
			<key>buildConfigurations</key>
			<array>
				<string>70B7F86D1A2DEB5500051901</string>
				<string>70B7F86E1A2DEB5500051901</string>
			</array>
			<key>defaultConfigurationIsVisible</key>
			<string>0</string>
			<key>defaultConfigurationName</key>
			<string>Release</string>
			<key>isa</key>
			<string>XCConfigurationList</string>
		</dict>
		<key>70B7F8391A2DEB5500051901</key>
		<dict>
			<key>buildActionMask</key>
			<string>2147483647</string>
			<key>files</key>
			<array>
				<string>70B7F8571A2DEB5500051901</string>
				<string>70B7F8511A2DEB5500051901</string>
				<string>70B7F84D1A2DEB5500051901</string>
			</array>
			<key>isa</key>
			<string>PBXSourcesBuildPhase</string>
			<key>runOnlyForDeploymentPostprocessing</key>
			<string>0</string>
		</dict>
		<key>70B7F83A1A2DEB5500051901</key>
		<dict>
			<key>buildActionMask</key>
			<string>2147483647</string>
			<key>files</key>
			<array>
				<string>70B7F8431A2DEB5500051901</string>
				<string>70B7F8451A2DEB5500051901</string>
				<string>70B7F8411A2DEB5500051901</string>
				<string>697F99A58644A677FFA223F7</string>
			</array>
			<key>isa</key>
			<string>PBXFrameworksBuildPhase</string>
			<key>runOnlyForDeploymentPostprocessing</key>
			<string>0</string>
		</dict>
		<key>70B7F83B1A2DEB5500051901</key>
		<dict>
			<key>buildActionMask</key>
			<string>2147483647</string>
			<key>files</key>
			<array>
				<string>70B7F8591A2DEB5500051901</string>
				<string>70B7F84B1A2DEB5500051901</string>
				<string>70B7F8541A2DEB5500051901</string>
			</array>
			<key>isa</key>
			<string>PBXResourcesBuildPhase</string>
			<key>runOnlyForDeploymentPostprocessing</key>
			<string>0</string>
		</dict>
		<key>70B7F83C1A2DEB5500051901</key>
		<dict>
			<key>buildConfigurationList</key>
			<string>70B7F86F1A2DEB5500051901</string>
			<key>buildPhases</key>
			<array>
				<string>2879690622ED325F6422A3F4</string>
				<string>70B7F8391A2DEB5500051901</string>
				<string>70B7F83A1A2DEB5500051901</string>
				<string>70B7F83B1A2DEB5500051901</string>
				<string>C4D7378EFCA9E8BA33075BCE</string>
			</array>
			<key>buildRules</key>
			<array/>
			<key>dependencies</key>
			<array/>
			<key>isa</key>
			<string>PBXNativeTarget</string>
			<key>name</key>
			<string>OCDemo</string>
			<key>productName</key>
			<string>OCDemo</string>
			<key>productReference</key>
			<string>70B7F83D1A2DEB5500051901</string>
			<key>productType</key>
			<string>com.apple.product-type.application</string>
		</dict>
		<key>70B7F83D1A2DEB5500051901</key>
		<dict>
			<key>explicitFileType</key>
			<string>wrapper.application</string>
			<key>includeInIndex</key>
			<string>0</string>
			<key>isa</key>
			<string>PBXFileReference</string>
			<key>path</key>
			<string>OCDemo.app</string>
			<key>sourceTree</key>
			<string>BUILT_PRODUCTS_DIR</string>
		</dict>
		<key>70B7F83E1A2DEB5500051901</key>
		<dict>
			<key>children</key>
			<array>
				<string>70B7F83D1A2DEB5500051901</string>
				<string>70B7F85E1A2DEB5500051901</string>
			</array>
			<key>isa</key>
			<string>PBXGroup</string>
			<key>name</key>
			<string>Products</string>
			<key>sourceTree</key>
			<string>&lt;group&gt;</string>
		</dict>
		<key>70B7F83F1A2DEB5500051901</key>
		<dict>
			<key>children</key>
			<array>
				<string>70B7F8401A2DEB5500051901</string>
				<string>70B7F8421A2DEB5500051901</string>
				<string>70B7F8441A2DEB5500051901</string>
				<string>70B7F85F1A2DEB5500051901</string>
				<string>4C135714F3727A97783DF0DE</string>
			</array>
			<key>isa</key>
			<string>PBXGroup</string>
			<key>name</key>
			<string>Frameworks</string>
			<key>sourceTree</key>
			<string>&lt;group&gt;</string>
		</dict>
		<key>70B7F8401A2DEB5500051901</key>
		<dict>
			<key>isa</key>
			<string>PBXFileReference</string>
			<key>lastKnownFileType</key>
			<string>wrapper.framework</string>
			<key>name</key>
			<string>Foundation.framework</string>
			<key>path</key>
			<string>System/Library/Frameworks/Foundation.framework</string>
			<key>sourceTree</key>
			<string>SDKROOT</string>
		</dict>
		<key>70B7F8411A2DEB5500051901</key>
		<dict>
			<key>fileRef</key>
			<string>70B7F8401A2DEB5500051901</string>
			<key>isa</key>
			<string>PBXBuildFile</string>
		</dict>
		<key>70B7F8421A2DEB5500051901</key>
		<dict>
			<key>isa</key>
			<string>PBXFileReference</string>
			<key>lastKnownFileType</key>
			<string>wrapper.framework</string>
			<key>name</key>
			<string>CoreGraphics.framework</string>
			<key>path</key>
			<string>System/Library/Frameworks/CoreGraphics.framework</string>
			<key>sourceTree</key>
			<string>SDKROOT</string>
		</dict>
		<key>70B7F8431A2DEB5500051901</key>
		<dict>
			<key>fileRef</key>
			<string>70B7F8421A2DEB5500051901</string>
			<key>isa</key>
			<string>PBXBuildFile</string>
		</dict>
		<key>70B7F8441A2DEB5500051901</key>
		<dict>
			<key>isa</key>
			<string>PBXFileReference</string>
			<key>lastKnownFileType</key>
			<string>wrapper.framework</string>
			<key>name</key>
			<string>UIKit.framework</string>
			<key>path</key>
			<string>System/Library/Frameworks/UIKit.framework</string>
			<key>sourceTree</key>
			<string>SDKROOT</string>
		</dict>
		<key>70B7F8451A2DEB5500051901</key>
		<dict>
			<key>fileRef</key>
			<string>70B7F8441A2DEB5500051901</string>
			<key>isa</key>
			<string>PBXBuildFile</string>
		</dict>
		<key>70B7F8461A2DEB5500051901</key>
		<dict>
			<key>children</key>
			<array>
				<string>70B7F84F1A2DEB5500051901</string>
				<string>70B7F8501A2DEB5500051901</string>
				<string>70B7F8521A2DEB5500051901</string>
				<string>70B7F8551A2DEB5500051901</string>
				<string>70B7F8561A2DEB5500051901</string>
				<string>70B7F8581A2DEB5500051901</string>
				<string>70B7F8471A2DEB5500051901</string>
			</array>
			<key>isa</key>
			<string>PBXGroup</string>
			<key>path</key>
			<string>OCDemo</string>
			<key>sourceTree</key>
			<string>&lt;group&gt;</string>
		</dict>
		<key>70B7F8471A2DEB5500051901</key>
		<dict>
			<key>children</key>
			<array>
				<string>70B7F8481A2DEB5500051901</string>
				<string>70B7F8491A2DEB5500051901</string>
				<string>70B7F84C1A2DEB5500051901</string>
				<string>70B7F84E1A2DEB5500051901</string>
			</array>
			<key>isa</key>
			<string>PBXGroup</string>
			<key>name</key>
			<string>Supporting Files</string>
			<key>sourceTree</key>
			<string>&lt;group&gt;</string>
		</dict>
		<key>70B7F8481A2DEB5500051901</key>
		<dict>
			<key>isa</key>
			<string>PBXFileReference</string>
			<key>lastKnownFileType</key>
			<string>text.plist.xml</string>
			<key>path</key>
			<string>OCDemo-Info.plist</string>
			<key>sourceTree</key>
			<string>&lt;group&gt;</string>
		</dict>
		<key>70B7F8491A2DEB5500051901</key>
		<dict>
			<key>children</key>
			<array>
				<string>70B7F84A1A2DEB5500051901</string>
			</array>
			<key>isa</key>
			<string>PBXVariantGroup</string>
			<key>name</key>
			<string>InfoPlist.strings</string>
			<key>sourceTree</key>
			<string>&lt;group&gt;</string>
		</dict>
		<key>70B7F84A1A2DEB5500051901</key>
		<dict>
			<key>isa</key>
			<string>PBXFileReference</string>
			<key>lastKnownFileType</key>
			<string>text.plist.strings</string>
			<key>name</key>
			<string>en</string>
			<key>path</key>
			<string>en.lproj/InfoPlist.strings</string>
			<key>sourceTree</key>
			<string>&lt;group&gt;</string>
		</dict>
		<key>70B7F84B1A2DEB5500051901</key>
		<dict>
			<key>fileRef</key>
			<string>70B7F8491A2DEB5500051901</string>
			<key>isa</key>
			<string>PBXBuildFile</string>
		</dict>
		<key>70B7F84C1A2DEB5500051901</key>
		<dict>
			<key>isa</key>
			<string>PBXFileReference</string>
			<key>lastKnownFileType</key>
			<string>sourcecode.c.objc</string>
			<key>path</key>
			<string>main.m</string>
			<key>sourceTree</key>
			<string>&lt;group&gt;</string>
		</dict>
		<key>70B7F84D1A2DEB5500051901</key>
		<dict>
			<key>fileRef</key>
			<string>70B7F84C1A2DEB5500051901</string>
			<key>isa</key>
			<string>PBXBuildFile</string>
		</dict>
		<key>70B7F84E1A2DEB5500051901</key>
		<dict>
			<key>isa</key>
			<string>PBXFileReference</string>
			<key>lastKnownFileType</key>
			<string>sourcecode.c.h</string>
			<key>path</key>
			<string>OCDemo-Prefix.pch</string>
			<key>sourceTree</key>
			<string>&lt;group&gt;</string>
		</dict>
		<key>70B7F84F1A2DEB5500051901</key>
		<dict>
			<key>isa</key>
			<string>PBXFileReference</string>
			<key>lastKnownFileType</key>
			<string>sourcecode.c.h</string>
			<key>path</key>
			<string>AppDelegate.h</string>
			<key>sourceTree</key>
			<string>&lt;group&gt;</string>
		</dict>
		<key>70B7F8501A2DEB5500051901</key>
		<dict>
			<key>isa</key>
			<string>PBXFileReference</string>
			<key>lastKnownFileType</key>
			<string>sourcecode.c.objc</string>
			<key>path</key>
			<string>AppDelegate.m</string>
			<key>sourceTree</key>
			<string>&lt;group&gt;</string>
		</dict>
		<key>70B7F8511A2DEB5500051901</key>
		<dict>
			<key>fileRef</key>
			<string>70B7F8501A2DEB5500051901</string>
			<key>isa</key>
			<string>PBXBuildFile</string>
		</dict>
		<key>70B7F8521A2DEB5500051901</key>
		<dict>
			<key>children</key>
			<array>
				<string>70B7F8531A2DEB5500051901</string>
			</array>
			<key>isa</key>
			<string>PBXVariantGroup</string>
			<key>name</key>
			<string>Main.storyboard</string>
			<key>sourceTree</key>
			<string>&lt;group&gt;</string>
		</dict>
		<key>70B7F8531A2DEB5500051901</key>
		<dict>
			<key>isa</key>
			<string>PBXFileReference</string>
			<key>lastKnownFileType</key>
			<string>file.storyboard</string>
			<key>name</key>
			<string>Base</string>
			<key>path</key>
			<string>Base.lproj/Main.storyboard</string>
			<key>sourceTree</key>
			<string>&lt;group&gt;</string>
		</dict>
		<key>70B7F8541A2DEB5500051901</key>
		<dict>
			<key>fileRef</key>
			<string>70B7F8521A2DEB5500051901</string>
			<key>isa</key>
			<string>PBXBuildFile</string>
		</dict>
		<key>70B7F8551A2DEB5500051901</key>
		<dict>
			<key>isa</key>
			<string>PBXFileReference</string>
			<key>lastKnownFileType</key>
			<string>sourcecode.c.h</string>
			<key>path</key>
			<string>ViewController.h</string>
			<key>sourceTree</key>
			<string>&lt;group&gt;</string>
		</dict>
		<key>70B7F8561A2DEB5500051901</key>
		<dict>
			<key>isa</key>
			<string>PBXFileReference</string>
			<key>lastKnownFileType</key>
			<string>sourcecode.c.objc</string>
			<key>path</key>
			<string>ViewController.m</string>
			<key>sourceTree</key>
			<string>&lt;group&gt;</string>
		</dict>
		<key>70B7F8571A2DEB5500051901</key>
		<dict>
			<key>fileRef</key>
			<string>70B7F8561A2DEB5500051901</string>
			<key>isa</key>
			<string>PBXBuildFile</string>
		</dict>
		<key>70B7F8581A2DEB5500051901</key>
		<dict>
			<key>isa</key>
			<string>PBXFileReference</string>
			<key>lastKnownFileType</key>
			<string>folder.assetcatalog</string>
			<key>path</key>
			<string>Images.xcassets</string>
			<key>sourceTree</key>
			<string>&lt;group&gt;</string>
		</dict>
		<key>70B7F8591A2DEB5500051901</key>
		<dict>
			<key>fileRef</key>
			<string>70B7F8581A2DEB5500051901</string>
			<key>isa</key>
			<string>PBXBuildFile</string>
		</dict>
		<key>70B7F85A1A2DEB5500051901</key>
		<dict>
			<key>buildActionMask</key>
			<string>2147483647</string>
			<key>files</key>
			<array>
				<string>70B7F86C1A2DEB5500051901</string>
			</array>
			<key>isa</key>
			<string>PBXSourcesBuildPhase</string>
			<key>runOnlyForDeploymentPostprocessing</key>
			<string>0</string>
		</dict>
		<key>70B7F85B1A2DEB5500051901</key>
		<dict>
			<key>buildActionMask</key>
			<string>2147483647</string>
			<key>files</key>
			<array>
				<string>70B7F8601A2DEB5500051901</string>
				<string>70B7F8621A2DEB5500051901</string>
				<string>70B7F8611A2DEB5500051901</string>
			</array>
			<key>isa</key>
			<string>PBXFrameworksBuildPhase</string>
			<key>runOnlyForDeploymentPostprocessing</key>
			<string>0</string>
		</dict>
		<key>70B7F85C1A2DEB5500051901</key>
		<dict>
			<key>buildActionMask</key>
			<string>2147483647</string>
			<key>files</key>
			<array>
				<string>70B7F86A1A2DEB5500051901</string>
			</array>
			<key>isa</key>
			<string>PBXResourcesBuildPhase</string>
			<key>runOnlyForDeploymentPostprocessing</key>
			<string>0</string>
		</dict>
		<key>70B7F85D1A2DEB5500051901</key>
		<dict>
			<key>buildConfigurationList</key>
			<string>70B7F8721A2DEB5500051901</string>
			<key>buildPhases</key>
			<array>
				<string>70B7F85A1A2DEB5500051901</string>
				<string>70B7F85B1A2DEB5500051901</string>
				<string>70B7F85C1A2DEB5500051901</string>
			</array>
			<key>buildRules</key>
			<array/>
			<key>dependencies</key>
			<array>
				<string>70B7F8641A2DEB5500051901</string>
			</array>
			<key>isa</key>
			<string>PBXNativeTarget</string>
			<key>name</key>
			<string>OCDemoTests</string>
			<key>productName</key>
			<string>OCDemoTests</string>
			<key>productReference</key>
			<string>70B7F85E1A2DEB5500051901</string>
			<key>productType</key>
			<string>com.apple.product-type.bundle.unit-test</string>
		</dict>
		<key>70B7F85E1A2DEB5500051901</key>
		<dict>
			<key>explicitFileType</key>
			<string>wrapper.cfbundle</string>
			<key>includeInIndex</key>
			<string>0</string>
			<key>isa</key>
			<string>PBXFileReference</string>
			<key>path</key>
			<string>OCDemoTests.xctest</string>
			<key>sourceTree</key>
			<string>BUILT_PRODUCTS_DIR</string>
		</dict>
		<key>70B7F85F1A2DEB5500051901</key>
		<dict>
			<key>isa</key>
			<string>PBXFileReference</string>
			<key>lastKnownFileType</key>
			<string>wrapper.framework</string>
			<key>name</key>
			<string>XCTest.framework</string>
			<key>path</key>
			<string>Library/Frameworks/XCTest.framework</string>
			<key>sourceTree</key>
			<string>DEVELOPER_DIR</string>
		</dict>
		<key>70B7F8601A2DEB5500051901</key>
		<dict>
			<key>fileRef</key>
			<string>70B7F85F1A2DEB5500051901</string>
			<key>isa</key>
			<string>PBXBuildFile</string>
		</dict>
		<key>70B7F8611A2DEB5500051901</key>
		<dict>
			<key>fileRef</key>
			<string>70B7F8401A2DEB5500051901</string>
			<key>isa</key>
			<string>PBXBuildFile</string>
		</dict>
		<key>70B7F8621A2DEB5500051901</key>
		<dict>
			<key>fileRef</key>
			<string>70B7F8441A2DEB5500051901</string>
			<key>isa</key>
			<string>PBXBuildFile</string>
		</dict>
		<key>70B7F8631A2DEB5500051901</key>
		<dict>
			<key>containerPortal</key>
			<string>70B7F8351A2DEB5500051901</string>
			<key>isa</key>
			<string>PBXContainerItemProxy</string>
			<key>proxyType</key>
			<string>1</string>
			<key>remoteGlobalIDString</key>
			<string>70B7F83C1A2DEB5500051901</string>
			<key>remoteInfo</key>
			<string>OCDemo</string>
		</dict>
		<key>70B7F8641A2DEB5500051901</key>
		<dict>
			<key>isa</key>
			<string>PBXTargetDependency</string>
			<key>target</key>
			<string>70B7F83C1A2DEB5500051901</string>
			<key>targetProxy</key>
			<string>70B7F8631A2DEB5500051901</string>
		</dict>
		<key>70B7F8651A2DEB5500051901</key>
		<dict>
			<key>children</key>
			<array>
				<string>70B7F86B1A2DEB5500051901</string>
				<string>70B7F8661A2DEB5500051901</string>
			</array>
			<key>isa</key>
			<string>PBXGroup</string>
			<key>path</key>
			<string>OCDemoTests</string>
			<key>sourceTree</key>
			<string>&lt;group&gt;</string>
		</dict>
		<key>70B7F8661A2DEB5500051901</key>
		<dict>
			<key>children</key>
			<array>
				<string>70B7F8671A2DEB5500051901</string>
				<string>70B7F8681A2DEB5500051901</string>
			</array>
			<key>isa</key>
			<string>PBXGroup</string>
			<key>name</key>
			<string>Supporting Files</string>
			<key>sourceTree</key>
			<string>&lt;group&gt;</string>
		</dict>
		<key>70B7F8671A2DEB5500051901</key>
		<dict>
			<key>isa</key>
			<string>PBXFileReference</string>
			<key>lastKnownFileType</key>
			<string>text.plist.xml</string>
			<key>path</key>
			<string>OCDemoTests-Info.plist</string>
			<key>sourceTree</key>
			<string>&lt;group&gt;</string>
		</dict>
		<key>70B7F8681A2DEB5500051901</key>
		<dict>
			<key>children</key>
			<array>
				<string>70B7F8691A2DEB5500051901</string>
			</array>
			<key>isa</key>
			<string>PBXVariantGroup</string>
			<key>name</key>
			<string>InfoPlist.strings</string>
			<key>sourceTree</key>
			<string>&lt;group&gt;</string>
		</dict>
		<key>70B7F8691A2DEB5500051901</key>
		<dict>
			<key>isa</key>
			<string>PBXFileReference</string>
			<key>lastKnownFileType</key>
			<string>text.plist.strings</string>
			<key>name</key>
			<string>en</string>
			<key>path</key>
			<string>en.lproj/InfoPlist.strings</string>
			<key>sourceTree</key>
			<string>&lt;group&gt;</string>
		</dict>
		<key>70B7F86A1A2DEB5500051901</key>
		<dict>
			<key>fileRef</key>
			<string>70B7F8681A2DEB5500051901</string>
			<key>isa</key>
			<string>PBXBuildFile</string>
		</dict>
		<key>70B7F86B1A2DEB5500051901</key>
		<dict>
			<key>isa</key>
			<string>PBXFileReference</string>
			<key>lastKnownFileType</key>
			<string>sourcecode.c.objc</string>
			<key>path</key>
			<string>OCDemoTests.m</string>
			<key>sourceTree</key>
			<string>&lt;group&gt;</string>
		</dict>
		<key>70B7F86C1A2DEB5500051901</key>
		<dict>
			<key>fileRef</key>
			<string>70B7F86B1A2DEB5500051901</string>
			<key>isa</key>
			<string>PBXBuildFile</string>
		</dict>
		<key>70B7F86D1A2DEB5500051901</key>
		<dict>
			<key>buildSettings</key>
			<dict>
				<key>ALWAYS_SEARCH_USER_PATHS</key>
				<string>NO</string>
				<key>CLANG_CXX_LANGUAGE_STANDARD</key>
				<string>gnu++0x</string>
				<key>CLANG_CXX_LIBRARY</key>
				<string>libc++</string>
				<key>CLANG_ENABLE_MODULES</key>
				<string>YES</string>
				<key>CLANG_ENABLE_OBJC_ARC</key>
				<string>YES</string>
				<key>CLANG_WARN_BOOL_CONVERSION</key>
				<string>YES</string>
				<key>CLANG_WARN_CONSTANT_CONVERSION</key>
				<string>YES</string>
				<key>CLANG_WARN_DIRECT_OBJC_ISA_USAGE</key>
				<string>YES_ERROR</string>
				<key>CLANG_WARN_EMPTY_BODY</key>
				<string>YES</string>
				<key>CLANG_WARN_ENUM_CONVERSION</key>
				<string>YES</string>
				<key>CLANG_WARN_INT_CONVERSION</key>
				<string>YES</string>
				<key>CLANG_WARN_OBJC_ROOT_CLASS</key>
				<string>YES_ERROR</string>
				<key>CLANG_WARN__DUPLICATE_METHOD_MATCH</key>
				<string>YES</string>
				<key>CODE_SIGN_IDENTITY[sdk=iphoneos*]</key>
				<string>iPhone Developer</string>
				<key>COPY_PHASE_STRIP</key>
				<string>NO</string>
				<key>GCC_C_LANGUAGE_STANDARD</key>
				<string>gnu99</string>
				<key>GCC_DYNAMIC_NO_PIC</key>
				<string>NO</string>
				<key>GCC_OPTIMIZATION_LEVEL</key>
				<string>0</string>
				<key>GCC_PREPROCESSOR_DEFINITIONS</key>
				<array>
					<string>DEBUG=1</string>
					<string>$(inherited)</string>
				</array>
				<key>GCC_SYMBOLS_PRIVATE_EXTERN</key>
				<string>NO</string>
				<key>GCC_WARN_64_TO_32_BIT_CONVERSION</key>
				<string>YES</string>
				<key>GCC_WARN_ABOUT_RETURN_TYPE</key>
				<string>YES_ERROR</string>
				<key>GCC_WARN_UNDECLARED_SELECTOR</key>
				<string>YES</string>
				<key>GCC_WARN_UNINITIALIZED_AUTOS</key>
				<string>YES_AGGRESSIVE</string>
				<key>GCC_WARN_UNUSED_FUNCTION</key>
				<string>YES</string>
				<key>GCC_WARN_UNUSED_VARIABLE</key>
				<string>YES</string>
				<key>IPHONEOS_DEPLOYMENT_TARGET</key>
				<string>7.1</string>
				<key>ONLY_ACTIVE_ARCH</key>
				<string>YES</string>
				<key>SDKROOT</key>
				<string>iphoneos</string>
			</dict>
			<key>isa</key>
			<string>XCBuildConfiguration</string>
			<key>name</key>
			<string>Debug</string>
		</dict>
		<key>70B7F86E1A2DEB5500051901</key>
		<dict>
			<key>buildSettings</key>
			<dict>
				<key>ALWAYS_SEARCH_USER_PATHS</key>
				<string>NO</string>
				<key>CLANG_CXX_LANGUAGE_STANDARD</key>
				<string>gnu++0x</string>
				<key>CLANG_CXX_LIBRARY</key>
				<string>libc++</string>
				<key>CLANG_ENABLE_MODULES</key>
				<string>YES</string>
				<key>CLANG_ENABLE_OBJC_ARC</key>
				<string>YES</string>
				<key>CLANG_WARN_BOOL_CONVERSION</key>
				<string>YES</string>
				<key>CLANG_WARN_CONSTANT_CONVERSION</key>
				<string>YES</string>
				<key>CLANG_WARN_DIRECT_OBJC_ISA_USAGE</key>
				<string>YES_ERROR</string>
				<key>CLANG_WARN_EMPTY_BODY</key>
				<string>YES</string>
				<key>CLANG_WARN_ENUM_CONVERSION</key>
				<string>YES</string>
				<key>CLANG_WARN_INT_CONVERSION</key>
				<string>YES</string>
				<key>CLANG_WARN_OBJC_ROOT_CLASS</key>
				<string>YES_ERROR</string>
				<key>CLANG_WARN__DUPLICATE_METHOD_MATCH</key>
				<string>YES</string>
				<key>CODE_SIGN_IDENTITY[sdk=iphoneos*]</key>
				<string>iPhone Developer</string>
				<key>COPY_PHASE_STRIP</key>
				<string>YES</string>
				<key>ENABLE_NS_ASSERTIONS</key>
				<string>NO</string>
				<key>GCC_C_LANGUAGE_STANDARD</key>
				<string>gnu99</string>
				<key>GCC_WARN_64_TO_32_BIT_CONVERSION</key>
				<string>YES</string>
				<key>GCC_WARN_ABOUT_RETURN_TYPE</key>
				<string>YES_ERROR</string>
				<key>GCC_WARN_UNDECLARED_SELECTOR</key>
				<string>YES</string>
				<key>GCC_WARN_UNINITIALIZED_AUTOS</key>
				<string>YES_AGGRESSIVE</string>
				<key>GCC_WARN_UNUSED_FUNCTION</key>
				<string>YES</string>
				<key>GCC_WARN_UNUSED_VARIABLE</key>
				<string>YES</string>
				<key>IPHONEOS_DEPLOYMENT_TARGET</key>
				<string>7.1</string>
				<key>SDKROOT</key>
				<string>iphoneos</string>
				<key>VALIDATE_PRODUCT</key>
				<string>YES</string>
			</dict>
			<key>isa</key>
			<string>XCBuildConfiguration</string>
			<key>name</key>
			<string>Release</string>
		</dict>
		<key>70B7F86F1A2DEB5500051901</key>
		<dict>
			<key>buildConfigurations</key>
			<array>
				<string>70B7F8701A2DEB5500051901</string>
				<string>70B7F8711A2DEB5500051901</string>
			</array>
			<key>defaultConfigurationIsVisible</key>
			<string>0</string>
			<key>isa</key>
			<string>XCConfigurationList</string>
		</dict>
		<key>70B7F8701A2DEB5500051901</key>
		<dict>
			<key>baseConfigurationReference</key>
			<string>ADF09EB4E986DAF2EBD9F6F7</string>
			<key>buildSettings</key>
			<dict>
				<key>ASSETCATALOG_COMPILER_APPICON_NAME</key>
				<string>AppIcon</string>
				<key>ASSETCATALOG_COMPILER_LAUNCHIMAGE_NAME</key>
				<string>LaunchImage</string>
				<key>GCC_PRECOMPILE_PREFIX_HEADER</key>
				<string>YES</string>
				<key>GCC_PREFIX_HEADER</key>
				<string>OCDemo/OCDemo-Prefix.pch</string>
				<key>INFOPLIST_FILE</key>
				<string>OCDemo/OCDemo-Info.plist</string>
				<key>PRODUCT_NAME</key>
				<string>$(TARGET_NAME)</string>
				<key>WRAPPER_EXTENSION</key>
				<string>app</string>
			</dict>
			<key>isa</key>
			<string>XCBuildConfiguration</string>
			<key>name</key>
			<string>Debug</string>
		</dict>
		<key>70B7F8711A2DEB5500051901</key>
		<dict>
			<key>baseConfigurationReference</key>
			<string>EBD42FFE91A421423E0C1273</string>
			<key>buildSettings</key>
			<dict>
				<key>ASSETCATALOG_COMPILER_APPICON_NAME</key>
				<string>AppIcon</string>
				<key>ASSETCATALOG_COMPILER_LAUNCHIMAGE_NAME</key>
				<string>LaunchImage</string>
				<key>GCC_PRECOMPILE_PREFIX_HEADER</key>
				<string>YES</string>
				<key>GCC_PREFIX_HEADER</key>
				<string>OCDemo/OCDemo-Prefix.pch</string>
				<key>INFOPLIST_FILE</key>
				<string>OCDemo/OCDemo-Info.plist</string>
				<key>PRODUCT_NAME</key>
				<string>$(TARGET_NAME)</string>
				<key>WRAPPER_EXTENSION</key>
				<string>app</string>
			</dict>
			<key>isa</key>
			<string>XCBuildConfiguration</string>
			<key>name</key>
			<string>Release</string>
		</dict>
		<key>70B7F8721A2DEB5500051901</key>
		<dict>
			<key>buildConfigurations</key>
			<array>
				<string>70B7F8731A2DEB5500051901</string>
				<string>70B7F8741A2DEB5500051901</string>
			</array>
			<key>defaultConfigurationIsVisible</key>
			<string>0</string>
			<key>isa</key>
			<string>XCConfigurationList</string>
		</dict>
		<key>70B7F8731A2DEB5500051901</key>
		<dict>
			<key>buildSettings</key>
			<dict>
				<key>BUNDLE_LOADER</key>
				<string>$(BUILT_PRODUCTS_DIR)/OCDemo.app/OCDemo</string>
				<key>FRAMEWORK_SEARCH_PATHS</key>
				<array>
					<string>$(SDKROOT)/Developer/Library/Frameworks</string>
					<string>$(inherited)</string>
					<string>$(DEVELOPER_FRAMEWORKS_DIR)</string>
				</array>
				<key>GCC_PRECOMPILE_PREFIX_HEADER</key>
				<string>YES</string>
				<key>GCC_PREFIX_HEADER</key>
				<string>OCDemo/OCDemo-Prefix.pch</string>
				<key>GCC_PREPROCESSOR_DEFINITIONS</key>
				<array>
					<string>DEBUG=1</string>
					<string>$(inherited)</string>
				</array>
				<key>INFOPLIST_FILE</key>
				<string>OCDemoTests/OCDemoTests-Info.plist</string>
				<key>PRODUCT_NAME</key>
				<string>$(TARGET_NAME)</string>
				<key>TEST_HOST</key>
				<string>$(BUNDLE_LOADER)</string>
				<key>WRAPPER_EXTENSION</key>
				<string>xctest</string>
			</dict>
			<key>isa</key>
			<string>XCBuildConfiguration</string>
			<key>name</key>
			<string>Debug</string>
		</dict>
		<key>70B7F8741A2DEB5500051901</key>
		<dict>
			<key>buildSettings</key>
			<dict>
				<key>BUNDLE_LOADER</key>
				<string>$(BUILT_PRODUCTS_DIR)/OCDemo.app/OCDemo</string>
				<key>FRAMEWORK_SEARCH_PATHS</key>
				<array>
					<string>$(SDKROOT)/Developer/Library/Frameworks</string>
					<string>$(inherited)</string>
					<string>$(DEVELOPER_FRAMEWORKS_DIR)</string>
				</array>
				<key>GCC_PRECOMPILE_PREFIX_HEADER</key>
				<string>YES</string>
				<key>GCC_PREFIX_HEADER</key>
				<string>OCDemo/OCDemo-Prefix.pch</string>
				<key>INFOPLIST_FILE</key>
				<string>OCDemoTests/OCDemoTests-Info.plist</string>
				<key>PRODUCT_NAME</key>
				<string>$(TARGET_NAME)</string>
				<key>TEST_HOST</key>
				<string>$(BUNDLE_LOADER)</string>
				<key>WRAPPER_EXTENSION</key>
				<string>xctest</string>
			</dict>
			<key>isa</key>
			<string>XCBuildConfiguration</string>
			<key>name</key>
			<string>Release</string>
		</dict>
		<key>ADF09EB4E986DAF2EBD9F6F7</key>
		<dict>
			<key>includeInIndex</key>
			<string>1</string>
			<key>isa</key>
			<string>PBXFileReference</string>
			<key>lastKnownFileType</key>
			<string>text.xcconfig</string>
			<key>name</key>
			<string>Pods-OCDemo.debug.xcconfig</string>
			<key>path</key>
			<string>Pods/Target Support Files/Pods-OCDemo/Pods-OCDemo.debug.xcconfig</string>
			<key>sourceTree</key>
			<string>&lt;group&gt;</string>
		</dict>
		<key>C4D7378EFCA9E8BA33075BCE</key>
		<dict>
			<key>buildActionMask</key>
			<string>2147483647</string>
			<key>files</key>
			<array/>
			<key>inputPaths</key>
			<array/>
			<key>isa</key>
			<string>PBXShellScriptBuildPhase</string>
			<key>name</key>
			<string>Copy Pods Resources</string>
			<key>outputPaths</key>
			<array/>
			<key>runOnlyForDeploymentPostprocessing</key>
			<string>0</string>
			<key>shellPath</key>
			<string>/bin/sh</string>
			<key>shellScript</key>
			<string>"${SRCROOT}/Pods/Target Support Files/Pods-OCDemo/Pods-OCDemo-resources.sh"
</string>
			<key>showEnvVarsInLog</key>
			<string>0</string>
		</dict>
		<key>CD17EC7EADE570133C005FCC</key>
		<dict>
			<key>children</key>
			<array>
				<string>ADF09EB4E986DAF2EBD9F6F7</string>
				<string>EBD42FFE91A421423E0C1273</string>
			</array>
			<key>isa</key>
			<string>PBXGroup</string>
			<key>name</key>
			<string>Pods</string>
			<key>sourceTree</key>
			<string>&lt;group&gt;</string>
		</dict>
		<key>EBD42FFE91A421423E0C1273</key>
		<dict>
			<key>includeInIndex</key>
			<string>1</string>
			<key>isa</key>
			<string>PBXFileReference</string>
			<key>lastKnownFileType</key>
			<string>text.xcconfig</string>
			<key>name</key>
			<string>Pods-OCDemo.release.xcconfig</string>
			<key>path</key>
			<string>Pods/Target Support Files/Pods-OCDemo/Pods-OCDemo.release.xcconfig</string>
			<key>sourceTree</key>
			<string>&lt;group&gt;</string>
		</dict>
	</dict>
	<key>rootObject</key>
	<string>70B7F8351A2DEB5500051901</string>
</dict>
</plist>
